
Microsoft Visual Studio Solution File, Format Version 12.00
# Visual Studio Version 17
VisualStudioVersion = 17.14.36109.1 d17.14
MinimumVisualStudioVersion = 10.0.40219.1
Project("{FAE04EC0-301F-11D3-BF4B-00C04F79EFBC}") = "Yafes", "Yafes.csproj", "{B419B06A-3AB5-4D2D-9FBE-CA8D14EDA1A5}"
EndProject
Global
	GlobalSection(SolutionConfigurationPlatforms) = preSolution
		Debug|Any CPU = Debug|Any CPU
		Release|Any CPU = Release|Any CPU
	EndGlobalSection
	GlobalSection(ProjectConfigurationPlatforms) = postSolution
		{B419B06A-3AB5-4D2D-9FBE-CA8D14EDA1A5}.Debug|Any CPU.ActiveCfg = Debug|Any CPU
		{B419B06A-3AB5-4D2D-9FBE-CA8D14EDA1A5}.Debug|Any CPU.Build.0 = Debug|Any CPU
		{B419B06A-3AB5-4D2D-9FBE-CA8D14EDA1A5}.Release|Any CPU.ActiveCfg = Release|Any CPU
		{B419B06A-3AB5-4D2D-9FBE-CA8D14EDA1A5}.Release|Any CPU.Build.0 = Release|Any CPU
	EndGlobalSection
	GlobalSection(SolutionProperties) = preSolution
		HideSolutionNode = FALSE
	EndGlobalSection
	GlobalSection(ExtensibilityGlobals) = postSolution
		SolutionGuid = {01B78EA2-0F53-4258-AEBD-EACA16BAEEF1}
	EndGlobalSection
EndGlobal
